
Microsoft Visual Studio Solution File, Format Version 12.00
# Visual Studio Version 16
VisualStudioVersion = 16.0.29411.108
MinimumVisualStudioVersion = 10.0.40219.1
Project("{9A19103F-16F7-4668-BE54-9A1E7A4F7556}") = "C4M.Domain", "C4M.Domain\C4M.Domain.csproj", "{25D54718-DFE5-46CE-939D-FD03F42D0032}"
EndProject
Project("{9A19103F-16F7-4668-BE54-9A1E7A4F7556}") = "C4M.Infrastructure", "C4M.Domain.Infra\C4M.Infrastructure.csproj", "{84178D8B-5E60-4181-A314-46EB2CB19564}"
EndProject
Project("{9A19103F-16F7-4668-BE54-9A1E7A4F7556}") = "C4M.Api", "C4M.Domain.Api\C4M.Api.csproj", "{D4AA50C2-4FEC-4A72-8722-3146516D78E2}"
EndProject
Project("{2150E333-8FDC-42A3-9474-1A3956D46DE8}") = "src", "src", "{F16F846C-E347-4AE3-834E-7700C31CC273}"
EndProject
Project("{2150E333-8FDC-42A3-9474-1A3956D46DE8}") = "Services", "Services", "{560C69ED-DCC4-4577-9202-948E5B384A03}"
EndProject
Project("{FAE04EC0-301F-11D3-BF4B-00C04F79EFBC}") = "C4M.BackgroundTasks", "C4M.CapturaDados.Service\C4M.BackgroundTasks.csproj", "{16EFA554-FAD2-4783-ACD6-7C2692A04D20}"
EndProject
Global
	GlobalSection(SolutionConfigurationPlatforms) = preSolution
		Debug|Any CPU = Debug|Any CPU
		Release|Any CPU = Release|Any CPU
	EndGlobalSection
	GlobalSection(ProjectConfigurationPlatforms) = postSolution
		{25D54718-DFE5-46CE-939D-FD03F42D0032}.Debug|Any CPU.ActiveCfg = Debug|Any CPU
		{25D54718-DFE5-46CE-939D-FD03F42D0032}.Debug|Any CPU.Build.0 = Debug|Any CPU
		{25D54718-DFE5-46CE-939D-FD03F42D0032}.Release|Any CPU.ActiveCfg = Release|Any CPU
		{25D54718-DFE5-46CE-939D-FD03F42D0032}.Release|Any CPU.Build.0 = Release|Any CPU
		{84178D8B-5E60-4181-A314-46EB2CB19564}.Debug|Any CPU.ActiveCfg = Debug|Any CPU
		{84178D8B-5E60-4181-A314-46EB2CB19564}.Debug|Any CPU.Build.0 = Debug|Any CPU
		{84178D8B-5E60-4181-A314-46EB2CB19564}.Release|Any CPU.ActiveCfg = Release|Any CPU
		{84178D8B-5E60-4181-A314-46EB2CB19564}.Release|Any CPU.Build.0 = Release|Any CPU
		{D4AA50C2-4FEC-4A72-8722-3146516D78E2}.Debug|Any CPU.ActiveCfg = Debug|Any CPU
		{D4AA50C2-4FEC-4A72-8722-3146516D78E2}.Debug|Any CPU.Build.0 = Debug|Any CPU
		{D4AA50C2-4FEC-4A72-8722-3146516D78E2}.Release|Any CPU.ActiveCfg = Release|Any CPU
		{D4AA50C2-4FEC-4A72-8722-3146516D78E2}.Release|Any CPU.Build.0 = Release|Any CPU
		{16EFA554-FAD2-4783-ACD6-7C2692A04D20}.Debug|Any CPU.ActiveCfg = Debug|Any CPU
		{16EFA554-FAD2-4783-ACD6-7C2692A04D20}.Debug|Any CPU.Build.0 = Debug|Any CPU
		{16EFA554-FAD2-4783-ACD6-7C2692A04D20}.Release|Any CPU.ActiveCfg = Release|Any CPU
		{16EFA554-FAD2-4783-ACD6-7C2692A04D20}.Release|Any CPU.Build.0 = Release|Any CPU
	EndGlobalSection
	GlobalSection(SolutionProperties) = preSolution
		HideSolutionNode = FALSE
	EndGlobalSection
	GlobalSection(NestedProjects) = preSolution
		{25D54718-DFE5-46CE-939D-FD03F42D0032} = {560C69ED-DCC4-4577-9202-948E5B384A03}
		{84178D8B-5E60-4181-A314-46EB2CB19564} = {560C69ED-DCC4-4577-9202-948E5B384A03}
		{D4AA50C2-4FEC-4A72-8722-3146516D78E2} = {560C69ED-DCC4-4577-9202-948E5B384A03}
		{560C69ED-DCC4-4577-9202-948E5B384A03} = {F16F846C-E347-4AE3-834E-7700C31CC273}
		{16EFA554-FAD2-4783-ACD6-7C2692A04D20} = {560C69ED-DCC4-4577-9202-948E5B384A03}
	EndGlobalSection
	GlobalSection(ExtensibilityGlobals) = postSolution
		SolutionGuid = {29D1E6B8-E27C-45E2-9C13-3839AF0EA8DA}
	EndGlobalSection
EndGlobal
