
Microsoft Visual Studio Solution File, Format Version 12.00
# Visual Studio Version 16
VisualStudioVersion = 16.0.29411.108
MinimumVisualStudioVersion = 10.0.40219.1
Project("{9A19103F-16F7-4668-BE54-9A1E7A4F7556}") = "C4M.Api", "C4M.Domain.Api\C4M.Api.csproj", "{D4AA50C2-4FEC-4A72-8722-3146516D78E2}"
EndProject
Project("{2150E333-8FDC-42A3-9474-1A3956D46DE8}") = "src", "src", "{F16F846C-E347-4AE3-834E-7700C31CC273}"
EndProject
Project("{2150E333-8FDC-42A3-9474-1A3956D46DE8}") = "Services", "Services", "{560C69ED-DCC4-4577-9202-948E5B384A03}"
EndProject
Project("{9A19103F-16F7-4668-BE54-9A1E7A4F7556}") = "C4M.BackgroundTasks", "C4M.CapturaDados.Service\C4M.BackgroundTasks.csproj", "{16EFA554-FAD2-4783-ACD6-7C2692A04D20}"
EndProject
Project("{9A19103F-16F7-4668-BE54-9A1E7A4F7556}") = "C4M.Infra.Mongo", "C4M.Infra.Mongo\C4M.Infra.Mongo.csproj", "{962C6A76-7173-40BC-9BB6-640848EEB540}"
EndProject
Project("{9A19103F-16F7-4668-BE54-9A1E7A4F7556}") = "C4M.Domain", "CM.Domain\C4M.Domain.csproj", "{1D5BCD13-F1EE-4B69-9545-BA6C10A80A0F}"
EndProject
Global
	GlobalSection(SolutionConfigurationPlatforms) = preSolution
		Debug|Any CPU = Debug|Any CPU
		Release|Any CPU = Release|Any CPU
	EndGlobalSection
	GlobalSection(ProjectConfigurationPlatforms) = postSolution
		{D4AA50C2-4FEC-4A72-8722-3146516D78E2}.Debug|Any CPU.ActiveCfg = Debug|Any CPU
		{D4AA50C2-4FEC-4A72-8722-3146516D78E2}.Debug|Any CPU.Build.0 = Debug|Any CPU
		{D4AA50C2-4FEC-4A72-8722-3146516D78E2}.Release|Any CPU.ActiveCfg = Release|Any CPU
		{D4AA50C2-4FEC-4A72-8722-3146516D78E2}.Release|Any CPU.Build.0 = Release|Any CPU
		{16EFA554-FAD2-4783-ACD6-7C2692A04D20}.Debug|Any CPU.ActiveCfg = Debug|Any CPU
		{16EFA554-FAD2-4783-ACD6-7C2692A04D20}.Debug|Any CPU.Build.0 = Debug|Any CPU
		{16EFA554-FAD2-4783-ACD6-7C2692A04D20}.Release|Any CPU.ActiveCfg = Release|Any CPU
		{16EFA554-FAD2-4783-ACD6-7C2692A04D20}.Release|Any CPU.Build.0 = Release|Any CPU
		{962C6A76-7173-40BC-9BB6-640848EEB540}.Debug|Any CPU.ActiveCfg = Debug|Any CPU
		{962C6A76-7173-40BC-9BB6-640848EEB540}.Debug|Any CPU.Build.0 = Debug|Any CPU
		{962C6A76-7173-40BC-9BB6-640848EEB540}.Release|Any CPU.ActiveCfg = Release|Any CPU
		{962C6A76-7173-40BC-9BB6-640848EEB540}.Release|Any CPU.Build.0 = Release|Any CPU
		{1D5BCD13-F1EE-4B69-9545-BA6C10A80A0F}.Debug|Any CPU.ActiveCfg = Debug|Any CPU
		{1D5BCD13-F1EE-4B69-9545-BA6C10A80A0F}.Debug|Any CPU.Build.0 = Debug|Any CPU
		{1D5BCD13-F1EE-4B69-9545-BA6C10A80A0F}.Release|Any CPU.ActiveCfg = Release|Any CPU
		{1D5BCD13-F1EE-4B69-9545-BA6C10A80A0F}.Release|Any CPU.Build.0 = Release|Any CPU
	EndGlobalSection
	GlobalSection(SolutionProperties) = preSolution
		HideSolutionNode = FALSE
	EndGlobalSection
	GlobalSection(NestedProjects) = preSolution
		{D4AA50C2-4FEC-4A72-8722-3146516D78E2} = {560C69ED-DCC4-4577-9202-948E5B384A03}
		{560C69ED-DCC4-4577-9202-948E5B384A03} = {F16F846C-E347-4AE3-834E-7700C31CC273}
		{16EFA554-FAD2-4783-ACD6-7C2692A04D20} = {560C69ED-DCC4-4577-9202-948E5B384A03}
		{962C6A76-7173-40BC-9BB6-640848EEB540} = {560C69ED-DCC4-4577-9202-948E5B384A03}
		{1D5BCD13-F1EE-4B69-9545-BA6C10A80A0F} = {560C69ED-DCC4-4577-9202-948E5B384A03}
	EndGlobalSection
	GlobalSection(ExtensibilityGlobals) = postSolution
		SolutionGuid = {29D1E6B8-E27C-45E2-9C13-3839AF0EA8DA}
	EndGlobalSection
EndGlobal
